
Microsoft Visual Studio Solution File, Format Version 12.00
# Visual Studio 15
VisualStudioVersion = 15.0.28307.1022
MinimumVisualStudioVersion = 10.0.40219.1
Project("{FAE04EC0-301F-11D3-BF4B-00C04F79EFBC}") = "Client", "Client\Client.csproj", "{A17C5DCE-4A26-4FFC-AD34-12183BD2C95E}"
EndProject
Project("{FAE04EC0-301F-11D3-BF4B-00C04F79EFBC}") = "WebClient", "WebClient\WebClient.csproj", "{B4FE3433-22CD-489C-AE1F-F32508415B15}"
EndProject
Project("{FAE04EC0-301F-11D3-BF4B-00C04F79EFBC}") = "WebClientTest", "WebClientTest\WebClientTest.csproj", "{2CFE5A21-2764-441A-838E-D303527705D7}"
EndProject
Global
	GlobalSection(SolutionConfigurationPlatforms) = preSolution
		Debug|Any CPU = Debug|Any CPU
		Release|Any CPU = Release|Any CPU
	EndGlobalSection
	GlobalSection(ProjectConfigurationPlatforms) = postSolution
		{A17C5DCE-4A26-4FFC-AD34-12183BD2C95E}.Debug|Any CPU.ActiveCfg = Debug|Any CPU
		{A17C5DCE-4A26-4FFC-AD34-12183BD2C95E}.Debug|Any CPU.Build.0 = Debug|Any CPU
		{A17C5DCE-4A26-4FFC-AD34-12183BD2C95E}.Release|Any CPU.ActiveCfg = Release|Any CPU
		{A17C5DCE-4A26-4FFC-AD34-12183BD2C95E}.Release|Any CPU.Build.0 = Release|Any CPU
		{B4FE3433-22CD-489C-AE1F-F32508415B15}.Debug|Any CPU.ActiveCfg = Debug|Any CPU
		{B4FE3433-22CD-489C-AE1F-F32508415B15}.Debug|Any CPU.Build.0 = Debug|Any CPU
		{B4FE3433-22CD-489C-AE1F-F32508415B15}.Release|Any CPU.ActiveCfg = Release|Any CPU
		{B4FE3433-22CD-489C-AE1F-F32508415B15}.Release|Any CPU.Build.0 = Release|Any CPU
		{2CFE5A21-2764-441A-838E-D303527705D7}.Debug|Any CPU.ActiveCfg = Debug|Any CPU
		{2CFE5A21-2764-441A-838E-D303527705D7}.Debug|Any CPU.Build.0 = Debug|Any CPU
		{2CFE5A21-2764-441A-838E-D303527705D7}.Release|Any CPU.ActiveCfg = Release|Any CPU
		{2CFE5A21-2764-441A-838E-D303527705D7}.Release|Any CPU.Build.0 = Release|Any CPU
	EndGlobalSection
	GlobalSection(SolutionProperties) = preSolution
		HideSolutionNode = FALSE
	EndGlobalSection
	GlobalSection(ExtensibilityGlobals) = postSolution
		SolutionGuid = {F7854989-3015-4B1B-B947-0B992E787750}
	EndGlobalSection
EndGlobal
